
Microsoft Visual Studio Solution File, Format Version 12.00
# Visual Studio Version 17
VisualStudioVersion = 17.13.35931.197 d17.13
MinimumVisualStudioVersion = 10.0.40219.1
Project("{FAE04EC0-301F-11D3-BF4B-00C04F79EFBC}") = "EmployeeApi", "EmployeeApi\EmployeeApi.csproj", "{BAF521F6-B423-476C-B0B9-F01494D7F4DD}"
EndProject
Global
	GlobalSection(SolutionConfigurationPlatforms) = preSolution
		Debug|Any CPU = Debug|Any CPU
		Release|Any CPU = Release|Any CPU
	EndGlobalSection
	GlobalSection(ProjectConfigurationPlatforms) = postSolution
		{BAF521F6-B423-476C-B0B9-F01494D7F4DD}.Debug|Any CPU.ActiveCfg = Debug|Any CPU
		{BAF521F6-B423-476C-B0B9-F01494D7F4DD}.Debug|Any CPU.Build.0 = Debug|Any CPU
		{BAF521F6-B423-476C-B0B9-F01494D7F4DD}.Release|Any CPU.ActiveCfg = Release|Any CPU
		{BAF521F6-B423-476C-B0B9-F01494D7F4DD}.Release|Any CPU.Build.0 = Release|Any CPU
	EndGlobalSection
	GlobalSection(SolutionProperties) = preSolution
		HideSolutionNode = FALSE
	EndGlobalSection
	GlobalSection(ExtensibilityGlobals) = postSolution
		SolutionGuid = {4C4BD85E-262D-4CB5-A5C4-35D340918841}
	EndGlobalSection
EndGlobal
